# This is a Gradle generated file for dependency locking.
# Manual edits can break the build and are not advised.
# This file is expected to be part of source control.
ch.qos.logback:logback-classic:1.5.8=compileClasspath,productionRuntimeClasspath,runtimeClasspath,testCompileClasspath,testRuntimeClasspath
ch.qos.logback:logback-core:1.5.8=compileClasspath,productionRuntimeClasspath,runtimeClasspath,testCompileClasspath,testRuntimeClasspath
com.fasterxml.jackson.core:jackson-annotations:2.17.2=compileClasspath,productionRuntimeClasspath,runtimeClasspath,testCompileClasspath,testRuntimeClasspath
com.fasterxml.jackson.core:jackson-core:2.17.2=compileClasspath,productionRuntimeClasspath,runtimeClasspath,testCompileClasspath,testRuntimeClasspath
com.fasterxml.jackson.core:jackson-databind:2.17.2=compileClasspath,productionRuntimeClasspath,runtimeClasspath,testCompileClasspath,testRuntimeClasspath
com.fasterxml.jackson.dataformat:jackson-dataformat-toml:2.17.2=compileClasspath,productionRuntimeClasspath,runtimeClasspath,testCompileClasspath,testRuntimeClasspath
com.fasterxml.jackson.dataformat:jackson-dataformat-yaml:2.17.2=productionRuntimeClasspath,runtimeClasspath,testRuntimeClasspath
com.fasterxml.jackson.datatype:jackson-datatype-jdk8:2.17.2=compileClasspath,productionRuntimeClasspath,runtimeClasspath,testCompileClasspath,testRuntimeClasspath
com.fasterxml.jackson.datatype:jackson-datatype-jsr310:2.17.2=compileClasspath,productionRuntimeClasspath,runtimeClasspath,testCompileClasspath,testRuntimeClasspath
com.fasterxml.jackson.module:jackson-module-parameter-names:2.17.2=compileClasspath,productionRuntimeClasspath,runtimeClasspath,testCompileClasspath,testRuntimeClasspath
com.fasterxml.jackson:jackson-bom:2.17.2=compileClasspath,productionRuntimeClasspath,runtimeClasspath,testCompileClasspath,testRuntimeClasspath
com.fasterxml:classmate:1.7.0=compileClasspath,productionRuntimeClasspath,runtimeClasspath,testCompileClasspath,testRuntimeClasspath
com.github.docker-java:docker-java-api:3.3.6=testCompileClasspath,testRuntimeClasspath
com.github.docker-java:docker-java-transport-zerodep:3.3.6=testCompileClasspath,testRuntimeClasspath
com.github.docker-java:docker-java-transport:3.3.6=testCompileClasspath,testRuntimeClasspath
com.github.stephenc.jcip:jcip-annotations:1.0-1=compileClasspath,productionRuntimeClasspath,runtimeClasspath,testCompileClasspath,testRuntimeClasspath
com.google.android:annotations:4.1.1.4=productionRuntimeClasspath,runtimeClasspath,testRuntimeClasspath
com.google.api.grpc:proto-google-common-protos:2.59.2=compileClasspath,productionRuntimeClasspath,runtimeClasspath,testCompileClasspath,testRuntimeClasspath
com.google.cloud.opentelemetry:detector-resources-support:0.31.0=productionRuntimeClasspath,runtimeClasspath,testRuntimeClasspath
com.google.code.findbugs:jsr305:3.0.2=checkstyle,compileClasspath,productionRuntimeClasspath,runtimeClasspath,testCompileClasspath,testRuntimeClasspath
com.google.code.gson:gson:2.10.1=productionRuntimeClasspath,runtimeClasspath,testRuntimeClasspath
com.google.errorprone:error_prone_annotations:2.28.0=checkstyle
com.google.errorprone:error_prone_annotations:2.36.0=compileClasspath,productionRuntimeClasspath,runtimeClasspath,testCompileClasspath,testRuntimeClasspath
com.google.guava:failureaccess:1.0.2=checkstyle
com.google.guava:failureaccess:1.0.3=compileClasspath,productionRuntimeClasspath,runtimeClasspath,testCompileClasspath,testRuntimeClasspath
com.google.guava:guava:33.3.1-jre=checkstyle
com.google.guava:guava:33.4.8-android=compileClasspath,testCompileClasspath
com.google.guava:guava:33.4.8-jre=productionRuntimeClasspath,runtimeClasspath,testRuntimeClasspath
com.google.guava:listenablefuture:9999.0-empty-to-avoid-conflict-with-guava=checkstyle,compileClasspath,productionRuntimeClasspath,runtimeClasspath,testCompileClasspath,testRuntimeClasspath
com.google.j2objc:j2objc-annotations:3.0.0=checkstyle,compileClasspath,productionRuntimeClasspath,runtimeClasspath,testCompileClasspath,testRuntimeClasspath
com.google.protobuf:protobuf-java-util:3.25.8=productionRuntimeClasspath,runtimeClasspath,testRuntimeClasspath
com.google.protobuf:protobuf-java:3.25.8=compileClasspath,productionRuntimeClasspath,runtimeClasspath,testCompileClasspath,testRuntimeClasspath
com.jayway.jsonpath:json-path:2.9.0=compileClasspath,productionRuntimeClasspath,runtimeClasspath,testCompileClasspath,testRuntimeClasspath
com.nimbusds:nimbus-jose-jwt:9.37.3=compileClasspath,productionRuntimeClasspath,runtimeClasspath,testCompileClasspath,testRuntimeClasspath
com.puppycrawl.tools:checkstyle:10.20.0=checkstyle
com.squareup.okhttp3:okhttp:4.12.0=productionRuntimeClasspath,runtimeClasspath,testRuntimeClasspath
com.squareup.okio:okio-jvm:3.6.0=productionRuntimeClasspath,runtimeClasspath,testRuntimeClasspath
com.squareup.okio:okio:3.6.0=productionRuntimeClasspath,runtimeClasspath,testRuntimeClasspath
com.tngtech.archunit:archunit-junit5-api:1.3.0=testCompileClasspath,testRuntimeClasspath
com.tngtech.archunit:archunit-junit5-engine-api:1.3.0=testRuntimeClasspath
com.tngtech.archunit:archunit-junit5-engine:1.3.0=testRuntimeClasspath
com.tngtech.archunit:archunit-junit5:1.3.0=testCompileClasspath,testRuntimeClasspath
com.tngtech.archunit:archunit:1.3.0=testCompileClasspath,testRuntimeClasspath
com.vaadin.external.google:android-json:0.0.20131108.vaadin1=compileClasspath,productionRuntimeClasspath,runtimeClasspath,testCompileClasspath,testRuntimeClasspath
com.zaxxer:HikariCP:5.1.0=compileClasspath,productionRuntimeClasspath,runtimeClasspath,testCompileClasspath,testRuntimeClasspath
commons-beanutils:commons-beanutils:1.9.4=checkstyle
commons-collections:commons-collections:3.2.2=checkstyle
dev.openfeature:sdk:1.9.0=compileClasspath,productionRuntimeClasspath,runtimeClasspath,testCompileClasspath,testRuntimeClasspath
info.picocli:picocli:4.7.6=checkstyle
io.grpc:grpc-api:1.77.1=compileClasspath,productionRuntimeClasspath,runtimeClasspath,testCompileClasspath,testRuntimeClasspath
io.grpc:grpc-context:1.77.1=productionRuntimeClasspath,runtimeClasspath,testRuntimeClasspath
io.grpc:grpc-core:1.77.1=compileClasspath,productionRuntimeClasspath,runtimeClasspath,testCompileClasspath,testRuntimeClasspath
io.grpc:grpc-netty:1.77.1=compileClasspath,productionRuntimeClasspath,runtimeClasspath,testCompileClasspath,testRuntimeClasspath
io.grpc:grpc-protobuf-lite:1.77.1=productionRuntimeClasspath,runtimeClasspath,testRuntimeClasspath
io.grpc:grpc-protobuf:1.77.1=compileClasspath,productionRuntimeClasspath,runtimeClasspath,testCompileClasspath,testRuntimeClasspath
io.grpc:grpc-services:1.77.1=compileClasspath,productionRuntimeClasspath,runtimeClasspath,testCompileClasspath,testRuntimeClasspath
io.grpc:grpc-stub:1.77.1=compileClasspath,productionRuntimeClasspath,runtimeClasspath,testCompileClasspath,testRuntimeClasspath
io.grpc:grpc-util:1.77.1=productionRuntimeClasspath,runtimeClasspath,testRuntimeClasspath
io.micrometer:micrometer-commons:1.13.4=compileClasspath,productionRuntimeClasspath,runtimeClasspath,testCompileClasspath,testRuntimeClasspath
io.micrometer:micrometer-core:1.13.4=compileClasspath,productionRuntimeClasspath,runtimeClasspath,testCompileClasspath,testRuntimeClasspath
io.micrometer:micrometer-jakarta9:1.13.4=compileClasspath,productionRuntimeClasspath,runtimeClasspath,testCompileClasspath,testRuntimeClasspath
io.micrometer:micrometer-observation:1.13.4=compileClasspath,productionRuntimeClasspath,runtimeClasspath,testCompileClasspath,testRuntimeClasspath
io.netty:netty-buffer:4.1.113.Final=compileClasspath,productionRuntimeClasspath,runtimeClasspath,testCompileClasspath,testRuntimeClasspath
io.netty:netty-codec-http2:4.1.113.Final=compileClasspath,productionRuntimeClasspath,runtimeClasspath,testCompileClasspath,testRuntimeClasspath
io.netty:netty-codec-http:4.1.113.Final=compileClasspath,productionRuntimeClasspath,runtimeClasspath,testCompileClasspath,testRuntimeClasspath
io.netty:netty-codec-socks:4.1.113.Final=productionRuntimeClasspath,runtimeClasspath,testRuntimeClasspath
io.netty:netty-codec:4.1.113.Final=compileClasspath,productionRuntimeClasspath,runtimeClasspath,testCompileClasspath,testRuntimeClasspath
io.netty:netty-common:4.1.113.Final=compileClasspath,productionRuntimeClasspath,runtimeClasspath,testCompileClasspath,testRuntimeClasspath
io.netty:netty-handler-proxy:4.1.113.Final=productionRuntimeClasspath,runtimeClasspath,testRuntimeClasspath
io.netty:netty-handler:4.1.113.Final=compileClasspath,productionRuntimeClasspath,runtimeClasspath,testCompileClasspath,testRuntimeClasspath
io.netty:netty-resolver:4.1.113.Final=compileClasspath,productionRuntimeClasspath,runtimeClasspath,testCompileClasspath,testRuntimeClasspath
io.netty:netty-transport-native-unix-common:4.1.113.Final=compileClasspath,productionRuntimeClasspath,runtimeClasspath,testCompileClasspath,testRuntimeClasspath
io.netty:netty-transport:4.1.113.Final=compileClasspath,productionRuntimeClasspath,runtimeClasspath,testCompileClasspath,testRuntimeClasspath
io.opentelemetry.contrib:opentelemetry-aws-resources:1.39.0-alpha=productionRuntimeClasspath,runtimeClasspath,testRuntimeClasspath
io.opentelemetry.contrib:opentelemetry-baggage-processor:1.39.0-alpha=productionRuntimeClasspath,runtimeClasspath,testRuntimeClasspath
io.opentelemetry.contrib:opentelemetry-gcp-resources:1.39.0-alpha=productionRuntimeClasspath,runtimeClasspath,testRuntimeClasspath
io.opentelemetry.instrumentation:opentelemetry-instrumentation-annotations-support:2.9.0-alpha=productionRuntimeClasspath,runtimeClasspath,testRuntimeClasspath
io.opentelemetry.instrumentation:opentelemetry-instrumentation-annotations:2.9.0=compileClasspath,productionRuntimeClasspath,runtimeClasspath,testCompileClasspath,testRuntimeClasspath
io.opentelemetry.instrumentation:opentelemetry-instrumentation-api-incubator:2.9.0-alpha=compileClasspath,productionRuntimeClasspath,runtimeClasspath,testCompileClasspath,testRuntimeClasspath
io.opentelemetry.instrumentation:opentelemetry-instrumentation-api:2.9.0=compileClasspath,productionRuntimeClasspath,runtimeClasspath,testCompileClasspath,testRuntimeClasspath
io.opentelemetry.instrumentation:opentelemetry-jdbc:2.9.0-alpha=productionRuntimeClasspath,runtimeClasspath,testRuntimeClasspath
io.opentelemetry.instrumentation:opentelemetry-kafka-clients-2.6:2.9.0-alpha=productionRuntimeClasspath,runtimeClasspath,testRuntimeClasspath
io.opentelemetry.instrumentation:opentelemetry-kafka-clients-common:2.9.0-alpha=productionRuntimeClasspath,runtimeClasspath,testRuntimeClasspath
io.opentelemetry.instrumentation:opentelemetry-log4j-appender-2.17:2.9.0-alpha=productionRuntimeClasspath,runtimeClasspath,testRuntimeClasspath
io.opentelemetry.instrumentation:opentelemetry-log4j-context-data-2.17-autoconfigure:2.9.0-alpha=productionRuntimeClasspath,runtimeClasspath,testRuntimeClasspath
io.opentelemetry.instrumentation:opentelemetry-logback-appender-1.0:2.9.0-alpha=productionRuntimeClasspath,runtimeClasspath,testRuntimeClasspath
io.opentelemetry.instrumentation:opentelemetry-micrometer-1.5:2.9.0-alpha=productionRuntimeClasspath,runtimeClasspath,testRuntimeClasspath
io.opentelemetry.instrumentation:opentelemetry-mongo-3.1:2.9.0-alpha=productionRuntimeClasspath,runtimeClasspath,testRuntimeClasspath
io.opentelemetry.instrumentation:opentelemetry-reactor-3.1:2.9.0-alpha=productionRuntimeClasspath,runtimeClasspath,testRuntimeClasspath
io.opentelemetry.instrumentation:opentelemetry-resources:2.9.0-alpha=productionRuntimeClasspath,runtimeClasspath,testRuntimeClasspath
io.opentelemetry.instrumentation:opentelemetry-sdk-autoconfigure-support:2.9.0-alpha=productionRuntimeClasspath,runtimeClasspath,testRuntimeClasspath
io.opentelemetry.instrumentation:opentelemetry-spring-boot-autoconfigure:2.9.0=compileClasspath,productionRuntimeClasspath,runtimeClasspath,testCompileClasspath,testRuntimeClasspath
io.opentelemetry.instrumentation:opentelemetry-spring-boot-starter:2.9.0=compileClasspath,productionRuntimeClasspath,runtimeClasspath,testCompileClasspath,testRuntimeClasspath
io.opentelemetry.instrumentation:opentelemetry-spring-kafka-2.7:2.9.0-alpha=productionRuntimeClasspath,runtimeClasspath,testRuntimeClasspath
io.opentelemetry.instrumentation:opentelemetry-spring-web-3.1:2.9.0-alpha=productionRuntimeClasspath,runtimeClasspath,testRuntimeClasspath
io.opentelemetry.instrumentation:opentelemetry-spring-webflux-5.3:2.9.0-alpha=productionRuntimeClasspath,runtimeClasspath,testRuntimeClasspath
io.opentelemetry.instrumentation:opentelemetry-spring-webmvc-5.3:2.9.0-alpha=productionRuntimeClasspath,runtimeClasspath,testRuntimeClasspath
io.opentelemetry.instrumentation:opentelemetry-spring-webmvc-6.0:2.9.0-alpha=productionRuntimeClasspath,runtimeClasspath,testRuntimeClasspath
io.opentelemetry.semconv:opentelemetry-semconv-incubating:1.25.0-alpha=productionRuntimeClasspath,runtimeClasspath,testRuntimeClasspath
io.opentelemetry.semconv:opentelemetry-semconv:1.25.0-alpha=compileClasspath,productionRuntimeClasspath,runtimeClasspath,testCompileClasspath,testRuntimeClasspath
io.opentelemetry:opentelemetry-api-incubator:1.43.0-alpha=productionRuntimeClasspath,runtimeClasspath,testRuntimeClasspath
io.opentelemetry:opentelemetry-api:1.37.0=compileClasspath,productionRuntimeClasspath,runtimeClasspath,testCompileClasspath,testRuntimeClasspath
io.opentelemetry:opentelemetry-context:1.37.0=compileClasspath,productionRuntimeClasspath,runtimeClasspath,testCompileClasspath,testRuntimeClasspath
io.opentelemetry:opentelemetry-exporter-common:1.37.0=productionRuntimeClasspath,runtimeClasspath,testRuntimeClasspath
io.opentelemetry:opentelemetry-exporter-logging:1.37.0=compileClasspath,productionRuntimeClasspath,runtimeClasspath,testCompileClasspath,testRuntimeClasspath
io.opentelemetry:opentelemetry-exporter-otlp-common:1.37.0=productionRuntimeClasspath,runtimeClasspath,testRuntimeClasspath
io.opentelemetry:opentelemetry-exporter-otlp:1.37.0=compileClasspath,productionRuntimeClasspath,runtimeClasspath,testCompileClasspath,testRuntimeClasspath
io.opentelemetry:opentelemetry-exporter-sender-okhttp:1.37.0=productionRuntimeClasspath,runtimeClasspath,testRuntimeClasspath
io.opentelemetry:opentelemetry-sdk-common:1.37.0=compileClasspath,productionRuntimeClasspath,runtimeClasspath,testCompileClasspath,testRuntimeClasspath
io.opentelemetry:opentelemetry-sdk-extension-autoconfigure-spi:1.37.0=compileClasspath,productionRuntimeClasspath,runtimeClasspath,testCompileClasspath,testRuntimeClasspath
io.opentelemetry:opentelemetry-sdk-extension-autoconfigure:1.37.0=productionRuntimeClasspath,runtimeClasspath,testRuntimeClasspath
io.opentelemetry:opentelemetry-sdk-extension-incubator:1.43.0-alpha=productionRuntimeClasspath,runtimeClasspath,testRuntimeClasspath
io.opentelemetry:opentelemetry-sdk-logs:1.37.0=compileClasspath,productionRuntimeClasspath,runtimeClasspath,testCompileClasspath,testRuntimeClasspath
io.opentelemetry:opentelemetry-sdk-metrics:1.37.0=compileClasspath,productionRuntimeClasspath,runtimeClasspath,testCompileClasspath,testRuntimeClasspath
io.opentelemetry:opentelemetry-sdk-trace:1.37.0=compileClasspath,productionRuntimeClasspath,runtimeClasspath,testCompileClasspath,testRuntimeClasspath
io.opentelemetry:opentelemetry-sdk:1.37.0=compileClasspath,productionRuntimeClasspath,runtimeClasspath,testCompileClasspath,testRuntimeClasspath
io.perfmark:perfmark-api:0.27.0=productionRuntimeClasspath,runtimeClasspath,testRuntimeClasspath
io.r2dbc:r2dbc-spi:1.0.0.RELEASE=compileClasspath,productionRuntimeClasspath,runtimeClasspath,testCompileClasspath,testRuntimeClasspath
jakarta.activation:jakarta.activation-api:2.1.3=compileClasspath,productionRuntimeClasspath,runtimeClasspath,testCompileClasspath,testRuntimeClasspath
jakarta.annotation:jakarta.annotation-api:2.1.1=compileClasspath,productionRuntimeClasspath,runtimeClasspath,testCompileClasspath,testRuntimeClasspath
jakarta.validation:jakarta.validation-api:3.0.2=compileClasspath,productionRuntimeClasspath,runtimeClasspath,testCompileClasspath,testRuntimeClasspath
jakarta.xml.bind:jakarta.xml.bind-api:4.0.2=compileClasspath,productionRuntimeClasspath,runtimeClasspath,testCompileClasspath,testRuntimeClasspath
javax.validation:validation-api:2.0.1.Final=productionRuntimeClasspath,runtimeClasspath,testRuntimeClasspath
junit:junit:4.13.2=testCompileClasspath,testRuntimeClasspath
net.bytebuddy:byte-buddy-agent:1.14.19=compileClasspath,productionRuntimeClasspath,runtimeClasspath,testCompileClasspath,testRuntimeClasspath
net.bytebuddy:byte-buddy:1.14.19=compileClasspath,productionRuntimeClasspath,runtimeClasspath,testCompileClasspath,testRuntimeClasspath
net.java.dev.jna:jna:5.13.0=testCompileClasspath,testRuntimeClasspath
net.minidev:accessors-smart:2.5.1=compileClasspath,productionRuntimeClasspath,runtimeClasspath,testCompileClasspath,testRuntimeClasspath
net.minidev:json-smart:2.5.1=compileClasspath,productionRuntimeClasspath,runtimeClasspath,testCompileClasspath,testRuntimeClasspath
net.sf.saxon:Saxon-HE:12.5=checkstyle
org.antlr:antlr4-runtime:4.13.2=checkstyle
org.apache.commons:commons-compress:1.24.0=testCompileClasspath,testRuntimeClasspath
org.apache.commons:commons-lang3:3.14.0=checkstyle
org.apache.commons:commons-text:1.3=checkstyle
org.apache.httpcomponents.client5:httpclient5:5.3.1=checkstyle
org.apache.httpcomponents.core5:httpcore5-h2:5.2.5=checkstyle
org.apache.httpcomponents.core5:httpcore5:5.2.5=checkstyle
org.apache.httpcomponents:httpclient:4.5.13=checkstyle
org.apache.httpcomponents:httpcore:4.4.16=checkstyle
org.apache.logging.log4j:log4j-api:2.23.1=compileClasspath,productionRuntimeClasspath,runtimeClasspath,testCompileClasspath,testRuntimeClasspath
org.apache.logging.log4j:log4j-to-slf4j:2.23.1=compileClasspath,productionRuntimeClasspath,runtimeClasspath,testCompileClasspath,testRuntimeClasspath
org.apache.maven.doxia:doxia-core:1.12.0=checkstyle
org.apache.maven.doxia:doxia-logging-api:1.12.0=checkstyle
org.apache.maven.doxia:doxia-module-xdoc:1.12.0=checkstyle
org.apache.maven.doxia:doxia-sink-api:1.12.0=checkstyle
org.apache.tomcat.embed:tomcat-embed-core:10.1.30=compileClasspath,productionRuntimeClasspath,runtimeClasspath,testCompileClasspath,testRuntimeClasspath
org.apache.tomcat.embed:tomcat-embed-el:10.1.30=compileClasspath,productionRuntimeClasspath,runtimeClasspath,testCompileClasspath,testRuntimeClasspath
org.apache.tomcat.embed:tomcat-embed-websocket:10.1.30=compileClasspath,productionRuntimeClasspath,runtimeClasspath,testCompileClasspath,testRuntimeClasspath
org.apache.xbean:xbean-reflect:3.7=checkstyle
org.apiguardian:apiguardian-api:1.1.2=compileClasspath,testCompileClasspath
org.assertj:assertj-core:3.25.3=compileClasspath,productionRuntimeClasspath,runtimeClasspath
org.assertj:assertj-core:3.26.3=testCompileClasspath,testRuntimeClasspath
org.awaitility:awaitility:4.2.2=compileClasspath,productionRuntimeClasspath,runtimeClasspath,testCompileClasspath,testRuntimeClasspath
org.checkerframework:checker-qual:3.42.0=productionRuntimeClasspath,runtimeClasspath,testRuntimeClasspath
org.checkerframework:checker-qual:3.48.1=checkstyle
org.codehaus.mojo:animal-sniffer-annotations:1.24=compileClasspath,productionRuntimeClasspath,runtimeClasspath,testCompileClasspath,testRuntimeClasspath
org.codehaus.plexus:plexus-classworlds:2.6.0=checkstyle
org.codehaus.plexus:plexus-component-annotations:2.1.0=checkstyle
org.codehaus.plexus:plexus-container-default:2.1.0=checkstyle
org.codehaus.plexus:plexus-utils:3.3.0=checkstyle
org.flywaydb:flyway-core:10.20.0=compileClasspath,productionRuntimeClasspath,runtimeClasspath,testCompileClasspath,testRuntimeClasspath
org.flywaydb:flyway-database-postgresql:10.20.0=compileClasspath,productionRuntimeClasspath,runtimeClasspath,testCompileClasspath,testRuntimeClasspath
org.hamcrest:hamcrest-core:2.2=testCompileClasspath,testRuntimeClasspath
org.hamcrest:hamcrest:2.2=compileClasspath,productionRuntimeClasspath,runtimeClasspath,testCompileClasspath,testRuntimeClasspath
org.hdrhistogram:HdrHistogram:2.2.2=productionRuntimeClasspath,runtimeClasspath,testRuntimeClasspath
org.hibernate.validator:hibernate-validator:8.0.1.Final=compileClasspath,productionRuntimeClasspath,runtimeClasspath,testCompileClasspath,testRuntimeClasspath
org.javassist:javassist:3.28.0-GA=checkstyle
org.jboss.logging:jboss-logging:3.5.3.Final=compileClasspath,productionRuntimeClasspath,runtimeClasspath,testCompileClasspath,testRuntimeClasspath
org.jetbrains.kotlin:kotlin-stdlib-common:1.9.25=productionRuntimeClasspath,runtimeClasspath,testRuntimeClasspath
org.jetbrains.kotlin:kotlin-stdlib-jdk7:1.9.25=productionRuntimeClasspath,runtimeClasspath,testRuntimeClasspath
org.jetbrains.kotlin:kotlin-stdlib-jdk8:1.9.25=productionRuntimeClasspath,runtimeClasspath,testRuntimeClasspath
org.jetbrains.kotlin:kotlin-stdlib:1.9.25=productionRuntimeClasspath,runtimeClasspath,testRuntimeClasspath
org.jetbrains:annotations:13.0=productionRuntimeClasspath,runtimeClasspath
org.jetbrains:annotations:17.0.0=testCompileClasspath,testRuntimeClasspath
org.jooq:jooq:3.19.11=compileClasspath,productionRuntimeClasspath,runtimeClasspath,testCompileClasspath,testRuntimeClasspath
org.jspecify:jspecify:0.3.0=compileClasspath,productionRuntimeClasspath,runtimeClasspath,testCompileClasspath,testRuntimeClasspath
org.junit.jupiter:junit-jupiter-api:5.10.3=compileClasspath,productionRuntimeClasspath,runtimeClasspath,testCompileClasspath,testRuntimeClasspath
org.junit.jupiter:junit-jupiter-engine:5.10.3=productionRuntimeClasspath,runtimeClasspath,testRuntimeClasspath
org.junit.jupiter:junit-jupiter-params:5.10.3=compileClasspath,productionRuntimeClasspath,runtimeClasspath,testCompileClasspath,testRuntimeClasspath
org.junit.jupiter:junit-jupiter:5.10.3=compileClasspath,productionRuntimeClasspath,runtimeClasspath,testCompileClasspath,testRuntimeClasspath
org.junit.platform:junit-platform-commons:1.10.3=compileClasspath,productionRuntimeClasspath,runtimeClasspath,testCompileClasspath,testRuntimeClasspath
org.junit.platform:junit-platform-engine:1.10.3=productionRuntimeClasspath,runtimeClasspath,testRuntimeClasspath
org.junit:junit-bom:5.10.3=compileClasspath,productionRuntimeClasspath,runtimeClasspath,testCompileClasspath,testRuntimeClasspath
org.latencyutils:LatencyUtils:2.0.3=productionRuntimeClasspath,runtimeClasspath,testRuntimeClasspath
org.mockito:mockito-core:5.11.0=compileClasspath,productionRuntimeClasspath,runtimeClasspath
org.mockito:mockito-core:5.13.0=testCompileClasspath,testRuntimeClasspath
org.mockito:mockito-junit-jupiter:5.11.0=compileClasspath,productionRuntimeClasspath,runtimeClasspath
org.mockito:mockito-junit-jupiter:5.13.0=testCompileClasspath,testRuntimeClasspath
org.objenesis:objenesis:3.3=productionRuntimeClasspath,runtimeClasspath,testRuntimeClasspath
org.opentest4j:opentest4j:1.3.0=compileClasspath,productionRuntimeClasspath,runtimeClasspath,testCompileClasspath,testRuntimeClasspath
org.ow2.asm:asm:9.6=compileClasspath,productionRuntimeClasspath,runtimeClasspath,testCompileClasspath,testRuntimeClasspath
org.postgresql:postgresql:42.7.4=compileClasspath,productionRuntimeClasspath,runtimeClasspath,testCompileClasspath,testRuntimeClasspath
org.reactivestreams:reactive-streams:1.0.4=compileClasspath,productionRuntimeClasspath,runtimeClasspath,testCompileClasspath,testRuntimeClasspath
org.reflections:reflections:0.10.2=checkstyle
org.rnorth.duct-tape:duct-tape:1.0.8=testCompileClasspath,testRuntimeClasspath
org.skyscreamer:jsonassert:1.5.3=compileClasspath,productionRuntimeClasspath,runtimeClasspath,testCompileClasspath,testRuntimeClasspath
org.slf4j:jul-to-slf4j:2.0.16=compileClasspath,productionRuntimeClasspath,runtimeClasspath,testCompileClasspath,testRuntimeClasspath
org.slf4j:slf4j-api:2.0.16=compileClasspath,productionRuntimeClasspath,runtimeClasspath,testCompileClasspath,testRuntimeClasspath
org.snakeyaml:snakeyaml-engine:2.8=productionRuntimeClasspath,runtimeClasspath,testRuntimeClasspath
org.springframework.boot:spring-boot-actuator-autoconfigure:3.3.4=compileClasspath,productionRuntimeClasspath,runtimeClasspath,testCompileClasspath,testRuntimeClasspath
org.springframework.boot:spring-boot-actuator:3.3.4=compileClasspath,productionRuntimeClasspath,runtimeClasspath,testCompileClasspath,testRuntimeClasspath
org.springframework.boot:spring-boot-autoconfigure:3.3.4=compileClasspath,productionRuntimeClasspath,runtimeClasspath,testCompileClasspath,testRuntimeClasspath
org.springframework.boot:spring-boot-starter-actuator:3.3.4=compileClasspath,productionRuntimeClasspath,runtimeClasspath,testCompileClasspath,testRuntimeClasspath
org.springframework.boot:spring-boot-starter-jdbc:3.3.4=compileClasspath,productionRuntimeClasspath,runtimeClasspath,testCompileClasspath,testRuntimeClasspath
org.springframework.boot:spring-boot-starter-jooq:3.3.4=compileClasspath,productionRuntimeClasspath,runtimeClasspath,testCompileClasspath,testRuntimeClasspath
org.springframework.boot:spring-boot-starter-json:3.3.4=compileClasspath,productionRuntimeClasspath,runtimeClasspath,testCompileClasspath,testRuntimeClasspath
org.springframework.boot:spring-boot-starter-logging:3.3.4=compileClasspath,productionRuntimeClasspath,runtimeClasspath,testCompileClasspath,testRuntimeClasspath
org.springframework.boot:spring-boot-starter-oauth2-resource-server:3.3.4=compileClasspath,productionRuntimeClasspath,runtimeClasspath,testCompileClasspath,testRuntimeClasspath
org.springframework.boot:spring-boot-starter-security:3.3.4=compileClasspath,productionRuntimeClasspath,runtimeClasspath,testCompileClasspath,testRuntimeClasspath
org.springframework.boot:spring-boot-starter-test:3.3.4=compileClasspath,productionRuntimeClasspath,runtimeClasspath,testCompileClasspath,testRuntimeClasspath
org.springframework.boot:spring-boot-starter-tomcat:3.3.4=compileClasspath,productionRuntimeClasspath,runtimeClasspath,testCompileClasspath,testRuntimeClasspath
org.springframework.boot:spring-boot-starter-validation:3.3.4=compileClasspath,productionRuntimeClasspath,runtimeClasspath,testCompileClasspath,testRuntimeClasspath
org.springframework.boot:spring-boot-starter-web:3.3.4=compileClasspath,productionRuntimeClasspath,runtimeClasspath,testCompileClasspath,testRuntimeClasspath
org.springframework.boot:spring-boot-starter:3.3.4=compileClasspath,productionRuntimeClasspath,runtimeClasspath,testCompileClasspath,testRuntimeClasspath
org.springframework.boot:spring-boot-test-autoconfigure:3.3.4=compileClasspath,productionRuntimeClasspath,runtimeClasspath,testCompileClasspath,testRuntimeClasspath
org.springframework.boot:spring-boot-test:3.3.4=compileClasspath,productionRuntimeClasspath,runtimeClasspath,testCompileClasspath,testRuntimeClasspath
org.springframework.boot:spring-boot:3.3.4=compileClasspath,productionRuntimeClasspath,runtimeClasspath,testCompileClasspath,testRuntimeClasspath
org.springframework.grpc:spring-grpc-client-spring-boot-autoconfigure:1.0.3=compileClasspath,productionRuntimeClasspath,runtimeClasspath,testCompileClasspath,testRuntimeClasspath
org.springframework.grpc:spring-grpc-client-spring-boot-starter:1.0.3=compileClasspath,productionRuntimeClasspath,runtimeClasspath,testCompileClasspath,testRuntimeClasspath
org.springframework.grpc:spring-grpc-core:1.0.3=compileClasspath,productionRuntimeClasspath,runtimeClasspath,testCompileClasspath,testRuntimeClasspath
org.springframework.grpc:spring-grpc-server-spring-boot-autoconfigure:1.0.3=compileClasspath,productionRuntimeClasspath,runtimeClasspath,testCompileClasspath,testRuntimeClasspath
org.springframework.grpc:spring-grpc-server-spring-boot-starter:1.0.3=compileClasspath,productionRuntimeClasspath,runtimeClasspath,testCompileClasspath,testRuntimeClasspath
org.springframework.grpc:spring-grpc-spring-boot-starter:1.0.3=compileClasspath,productionRuntimeClasspath,runtimeClasspath,testCompileClasspath,testRuntimeClasspath
org.springframework.security:spring-security-config:6.3.3=compileClasspath,productionRuntimeClasspath,runtimeClasspath,testCompileClasspath,testRuntimeClasspath
org.springframework.security:spring-security-core:6.3.3=compileClasspath,productionRuntimeClasspath,runtimeClasspath,testCompileClasspath,testRuntimeClasspath
org.springframework.security:spring-security-crypto:6.3.3=compileClasspath,productionRuntimeClasspath,runtimeClasspath,testCompileClasspath,testRuntimeClasspath
org.springframework.security:spring-security-oauth2-core:6.3.3=compileClasspath,productionRuntimeClasspath,runtimeClasspath,testCompileClasspath,testRuntimeClasspath
org.springframework.security:spring-security-oauth2-jose:6.3.3=compileClasspath,productionRuntimeClasspath,runtimeClasspath,testCompileClasspath,testRuntimeClasspath
org.springframework.security:spring-security-oauth2-resource-server:6.3.3=compileClasspath,productionRuntimeClasspath,runtimeClasspath,testCompileClasspath,testRuntimeClasspath
org.springframework.security:spring-security-web:6.3.3=compileClasspath,productionRuntimeClasspath,runtimeClasspath,testCompileClasspath,testRuntimeClasspath
org.springframework:spring-aop:6.1.13=compileClasspath,productionRuntimeClasspath,runtimeClasspath,testCompileClasspath,testRuntimeClasspath
org.springframework:spring-beans:6.1.13=compileClasspath,productionRuntimeClasspath,runtimeClasspath,testCompileClasspath,testRuntimeClasspath
org.springframework:spring-context:6.1.13=compileClasspath,productionRuntimeClasspath,runtimeClasspath,testCompileClasspath,testRuntimeClasspath
org.springframework:spring-core:6.1.13=compileClasspath,productionRuntimeClasspath,runtimeClasspath,testCompileClasspath,testRuntimeClasspath
org.springframework:spring-expression:6.1.13=compileClasspath,productionRuntimeClasspath,runtimeClasspath,testCompileClasspath,testRuntimeClasspath
org.springframework:spring-jcl:6.1.13=compileClasspath,productionRuntimeClasspath,runtimeClasspath,testCompileClasspath,testRuntimeClasspath
org.springframework:spring-jdbc:6.1.13=compileClasspath,productionRuntimeClasspath,runtimeClasspath,testCompileClasspath,testRuntimeClasspath
org.springframework:spring-test:6.1.13=compileClasspath,productionRuntimeClasspath,runtimeClasspath,testCompileClasspath,testRuntimeClasspath
org.springframework:spring-tx:6.1.13=compileClasspath,productionRuntimeClasspath,runtimeClasspath,testCompileClasspath,testRuntimeClasspath
org.springframework:spring-web:6.1.13=compileClasspath,productionRuntimeClasspath,runtimeClasspath,testCompileClasspath,testRuntimeClasspath
org.springframework:spring-webmvc:6.1.13=compileClasspath,productionRuntimeClasspath,runtimeClasspath,testCompileClasspath,testRuntimeClasspath
org.testcontainers:database-commons:1.19.8=testCompileClasspath,testRuntimeClasspath
org.testcontainers:jdbc:1.19.8=testCompileClasspath,testRuntimeClasspath
org.testcontainers:junit-jupiter:1.20.2=testCompileClasspath,testRuntimeClasspath
org.testcontainers:kafka:1.20.2=testCompileClasspath,testRuntimeClasspath
org.testcontainers:localstack:1.20.2=testCompileClasspath,testRuntimeClasspath
org.testcontainers:postgresql:1.20.2=testCompileClasspath,testRuntimeClasspath
org.testcontainers:testcontainers:1.19.8=testCompileClasspath,testRuntimeClasspath
org.wiremock:wiremock-standalone:3.9.1=compileClasspath,productionRuntimeClasspath,runtimeClasspath,testCompileClasspath,testRuntimeClasspath
org.xmlresolver:xmlresolver:5.2.2=checkstyle
org.xmlunit:xmlunit-core:2.9.1=compileClasspath,productionRuntimeClasspath,runtimeClasspath,testCompileClasspath,testRuntimeClasspath
org.yaml:snakeyaml:2.2=compileClasspath,productionRuntimeClasspath,runtimeClasspath,testCompileClasspath,testRuntimeClasspath
empty=annotationProcessor,developmentOnly,testAndDevelopmentOnly,testAnnotationProcessor
